
Microsoft Visual Studio Solution File, Format Version 12.00
# Visual Studio Version 16
VisualStudioVersion = 16.0.31313.79
MinimumVisualStudioVersion = 10.0.40219.1
Project("{FAE04EC0-301F-11D3-BF4B-00C04F79EFBC}") = "LowCostHotel.API", "LowCostHotel.API\LowCostHotel.API.csproj", "{4885D2B1-8E05-4454-B25D-E2C78FDBD22A}"
EndProject
Project("{FAE04EC0-301F-11D3-BF4B-00C04F79EFBC}") = "LowCostHotel.Auth.API", "LowCostHotel.Auth.API\LowCostHotel.Auth.API.csproj", "{2EF6008C-B845-43E1-A8A8-D020684D209B}"
EndProject
Project("{FAE04EC0-301F-11D3-BF4B-00C04F79EFBC}") = "LowCostHotel.DataAccessLayer", "LowCostHotel.DataAccessLayer\LowCostHotel.DataAccessLayer.csproj", "{D7113E4B-67A2-4DCE-9535-2433E3B6620B}"
EndProject
Project("{FAE04EC0-301F-11D3-BF4B-00C04F79EFBC}") = "LowCostHotel.BusinessLogicLayer", "LowCostHotel.BusinessLogicLayer\LowCostHotel.BusinessLogicLayer.csproj", "{43B7D30C-DC07-4046-AEC0-50B6E2C51D5E}"
EndProject
Project("{FAE04EC0-301F-11D3-BF4B-00C04F79EFBC}") = "LowCostHotel.Auth.Common", "LowCostHotel.Auth.Common\LowCostHotel.Auth.Common.csproj", "{E7321C40-1275-418C-8F2F-C3203E13ABAD}"
EndProject
Global
	GlobalSection(SolutionConfigurationPlatforms) = preSolution
		Debug|Any CPU = Debug|Any CPU
		Release|Any CPU = Release|Any CPU
	EndGlobalSection
	GlobalSection(ProjectConfigurationPlatforms) = postSolution
		{4885D2B1-8E05-4454-B25D-E2C78FDBD22A}.Debug|Any CPU.ActiveCfg = Debug|Any CPU
		{4885D2B1-8E05-4454-B25D-E2C78FDBD22A}.Debug|Any CPU.Build.0 = Debug|Any CPU
		{4885D2B1-8E05-4454-B25D-E2C78FDBD22A}.Release|Any CPU.ActiveCfg = Release|Any CPU
		{4885D2B1-8E05-4454-B25D-E2C78FDBD22A}.Release|Any CPU.Build.0 = Release|Any CPU
		{2EF6008C-B845-43E1-A8A8-D020684D209B}.Debug|Any CPU.ActiveCfg = Debug|Any CPU
		{2EF6008C-B845-43E1-A8A8-D020684D209B}.Debug|Any CPU.Build.0 = Debug|Any CPU
		{2EF6008C-B845-43E1-A8A8-D020684D209B}.Release|Any CPU.ActiveCfg = Release|Any CPU
		{2EF6008C-B845-43E1-A8A8-D020684D209B}.Release|Any CPU.Build.0 = Release|Any CPU
		{D7113E4B-67A2-4DCE-9535-2433E3B6620B}.Debug|Any CPU.ActiveCfg = Debug|Any CPU
		{D7113E4B-67A2-4DCE-9535-2433E3B6620B}.Debug|Any CPU.Build.0 = Debug|Any CPU
		{D7113E4B-67A2-4DCE-9535-2433E3B6620B}.Release|Any CPU.ActiveCfg = Release|Any CPU
		{D7113E4B-67A2-4DCE-9535-2433E3B6620B}.Release|Any CPU.Build.0 = Release|Any CPU
		{43B7D30C-DC07-4046-AEC0-50B6E2C51D5E}.Debug|Any CPU.ActiveCfg = Debug|Any CPU
		{43B7D30C-DC07-4046-AEC0-50B6E2C51D5E}.Debug|Any CPU.Build.0 = Debug|Any CPU
		{43B7D30C-DC07-4046-AEC0-50B6E2C51D5E}.Release|Any CPU.ActiveCfg = Release|Any CPU
		{43B7D30C-DC07-4046-AEC0-50B6E2C51D5E}.Release|Any CPU.Build.0 = Release|Any CPU
		{E7321C40-1275-418C-8F2F-C3203E13ABAD}.Debug|Any CPU.ActiveCfg = Debug|Any CPU
		{E7321C40-1275-418C-8F2F-C3203E13ABAD}.Debug|Any CPU.Build.0 = Debug|Any CPU
		{E7321C40-1275-418C-8F2F-C3203E13ABAD}.Release|Any CPU.ActiveCfg = Release|Any CPU
		{E7321C40-1275-418C-8F2F-C3203E13ABAD}.Release|Any CPU.Build.0 = Release|Any CPU
	EndGlobalSection
	GlobalSection(SolutionProperties) = preSolution
		HideSolutionNode = FALSE
	EndGlobalSection
	GlobalSection(ExtensibilityGlobals) = postSolution
		SolutionGuid = {53175A34-4AD1-4424-A31C-A59FC5AE6927}
	EndGlobalSection
EndGlobal
