
Microsoft Visual Studio Solution File, Format Version 12.00
# Visual Studio Version 16
VisualStudioVersion = 16.0.31313.79
MinimumVisualStudioVersion = 10.0.40219.1
Project("{FAE04EC0-301F-11D3-BF4B-00C04F79EFBC}") = "LowCostHotelMobile.Android", "LowCostHotelMobile\LowCostHotelMobile.Android\LowCostHotelMobile.Android.csproj", "{2DC11CC5-F446-42CC-901C-14C28C0CC365}"
EndProject
Project("{FAE04EC0-301F-11D3-BF4B-00C04F79EFBC}") = "LowCostHotelMobile", "LowCostHotelMobile\LowCostHotelMobile\LowCostHotelMobile.csproj", "{5A8AE39B-B946-49AE-96F4-1B4B75DAD68B}"
EndProject
Global
	GlobalSection(SolutionConfigurationPlatforms) = preSolution
		Debug|Any CPU = Debug|Any CPU
		Release|Any CPU = Release|Any CPU
	EndGlobalSection
	GlobalSection(ProjectConfigurationPlatforms) = postSolution
		{2DC11CC5-F446-42CC-901C-14C28C0CC365}.Debug|Any CPU.ActiveCfg = Debug|Any CPU
		{2DC11CC5-F446-42CC-901C-14C28C0CC365}.Debug|Any CPU.Build.0 = Debug|Any CPU
		{2DC11CC5-F446-42CC-901C-14C28C0CC365}.Debug|Any CPU.Deploy.0 = Debug|Any CPU
		{2DC11CC5-F446-42CC-901C-14C28C0CC365}.Release|Any CPU.ActiveCfg = Release|Any CPU
		{2DC11CC5-F446-42CC-901C-14C28C0CC365}.Release|Any CPU.Build.0 = Release|Any CPU
		{2DC11CC5-F446-42CC-901C-14C28C0CC365}.Release|Any CPU.Deploy.0 = Release|Any CPU
		{5A8AE39B-B946-49AE-96F4-1B4B75DAD68B}.Debug|Any CPU.ActiveCfg = Debug|Any CPU
		{5A8AE39B-B946-49AE-96F4-1B4B75DAD68B}.Debug|Any CPU.Build.0 = Debug|Any CPU
		{5A8AE39B-B946-49AE-96F4-1B4B75DAD68B}.Debug|Any CPU.Deploy.0 = Debug|Any CPU
		{5A8AE39B-B946-49AE-96F4-1B4B75DAD68B}.Release|Any CPU.ActiveCfg = Release|Any CPU
		{5A8AE39B-B946-49AE-96F4-1B4B75DAD68B}.Release|Any CPU.Build.0 = Release|Any CPU
		{5A8AE39B-B946-49AE-96F4-1B4B75DAD68B}.Release|Any CPU.Deploy.0 = Release|Any CPU
	EndGlobalSection
	GlobalSection(SolutionProperties) = preSolution
		HideSolutionNode = FALSE
	EndGlobalSection
	GlobalSection(ExtensibilityGlobals) = postSolution
		SolutionGuid = {7809B71C-E788-4620-93D8-3A769DBF0A8A}
	EndGlobalSection
EndGlobal
